{
    "_readme": [
        "This file locks the dependencies of your project to a known state",
        "Read more about it at https://getcomposer.org/doc/01-basic-usage.md#installing-dependencies",
        "This file is @generated automatically"
    ],
    "content-hash": "30efd5fe3c54226fe67ab0f382e6a18d",
    "packages": [
        {
            "name": "brick/math",
            "version": "0.18.0",
            "source": {
                "type": "git",
                "url": "https://github.com/brick/math.git",
                "reference": "82944324d1c1bdb2c2618e89978d4e2ad78d69ad"
            },
            "dist": {
                "type": "zip",
                "url": "https://api.github.com/repos/brick/math/zipball/82944324d1c1bdb2c2618e89978d4e2ad78d69ad",
                "reference": "82944324d1c1bdb2c2618e89978d4e2ad78d69ad",
                "shasum": ""
            },
            "require": {
                "php": "^8.2"
            },
            "require-dev": {
                "phpstan/phpstan": "2.1.22",
                "phpunit/phpunit": "^11.5"
            },
            "type": "library",
            "autoload": {
                "psr-4": {
                    "Brick\\Math\\": "src/"
                }
            },
            "notification-url": "https://packagist.org/downloads/",
            "license": [
                "MIT"
            ],
            "description": "Arbitrary-precision arithmetic library",
            "keywords": [
                "Arbitrary-precision",
                "BigInteger",
                "BigRational",
                "arithmetic",
                "bigdecimal",
                "bignum",
                "bignumber",
                "brick",
                "decimal",
                "integer",
                "math",
                "mathematics",
                "rational"
            ],
            "support": {
                "issues": "https://github.com/brick/math/issues",
                "source": "https://github.com/brick/math/tree/0.18.0"
            },
            "funding": [
                {
                    "url": "https://github.com/BenMorel",
                    "type": "github"
                }
            ],
            "time": "2026-06-14T18:21:03+00:00"
        }
    ]
}
